
Microsoft Visual Studio Solution File, Format Version 12.00
# Visual Studio Version 17
VisualStudioVersion = 17.0.31903.59
MinimumVisualStudioVersion = 10.0.40219.1
Project("{2150E333-8FDC-42A3-9474-1A3956D46DE8}") = "src", "src", "{827E0CD3-B72D-47B6-A68D-7590B98EB39B}"
EndProject
Project("{FAE04EC0-301F-11D3-BF4B-00C04F79EFBC}") = "KrogerMcp.Host", "src\KrogerMcp.Host\KrogerMcp.Host.csproj", "{019A61ED-609E-4D38-80E5-04BCE5834271}"
EndProject
Project("{FAE04EC0-301F-11D3-BF4B-00C04F79EFBC}") = "KrogerMcp.Application", "src\KrogerMcp.Application\KrogerMcp.Application.csproj", "{CF4DB07E-F07D-423D-860E-A4006AA8CCA6}"
EndProject
Project("{FAE04EC0-301F-11D3-BF4B-00C04F79EFBC}") = "KrogerMcp.Domain", "src\KrogerMcp.Domain\KrogerMcp.Domain.csproj", "{874FE5C8-7941-4196-92EF-BAD378CA507F}"
EndProject
Project("{FAE04EC0-301F-11D3-BF4B-00C04F79EFBC}") = "KrogerMcp.Infrastructure.Kroger", "src\KrogerMcp.Infrastructure.Kroger\KrogerMcp.Infrastructure.Kroger.csproj", "{502A2FFD-3559-422E-9EAC-4A3B9891E889}"
EndProject
Project("{FAE04EC0-301F-11D3-BF4B-00C04F79EFBC}") = "KrogerMcp.Generated.Cart", "src\KrogerMcp.Generated.Cart\KrogerMcp.Generated.Cart.csproj", "{2FFAD6BA-567A-4312-A5A7-84B0C0B07203}"
EndProject
Project("{FAE04EC0-301F-11D3-BF4B-00C04F79EFBC}") = "KrogerMcp.Generated.Locations", "src\KrogerMcp.Generated.Locations\KrogerMcp.Generated.Locations.csproj", "{4CDA39D3-A7F9-4B31-B7C5-BD96662FE06E}"
EndProject
Project("{2150E333-8FDC-42A3-9474-1A3956D46DE8}") = "tests", "tests", "{0AB3BF05-4346-4AA6-1389-037BE0695223}"
EndProject
Project("{FAE04EC0-301F-11D3-BF4B-00C04F79EFBC}") = "KrogerMcp.Tests", "tests\KrogerMcp.Tests\KrogerMcp.Tests.csproj", "{E4A36ADD-9BF3-4BFF-AE25-15CA0954A95D}"
EndProject
Project("{FAE04EC0-301F-11D3-BF4B-00C04F79EFBC}") = "KrogerMcp.Generated.Products", "src\KrogerMcp.Generated.Products\KrogerMcp.Generated.Products.csproj", "{3FC84FB6-6790-4B36-B303-D9F291950F73}"
EndProject
Global
	GlobalSection(SolutionConfigurationPlatforms) = preSolution
		Debug|Any CPU = Debug|Any CPU
		Debug|x64 = Debug|x64
		Debug|x86 = Debug|x86
		Release|Any CPU = Release|Any CPU
		Release|x64 = Release|x64
		Release|x86 = Release|x86
	EndGlobalSection
	GlobalSection(ProjectConfigurationPlatforms) = postSolution
		{019A61ED-609E-4D38-80E5-04BCE5834271}.Debug|Any CPU.ActiveCfg = Debug|Any CPU
		{019A61ED-609E-4D38-80E5-04BCE5834271}.Debug|Any CPU.Build.0 = Debug|Any CPU
		{019A61ED-609E-4D38-80E5-04BCE5834271}.Debug|x64.ActiveCfg = Debug|Any CPU
		{019A61ED-609E-4D38-80E5-04BCE5834271}.Debug|x64.Build.0 = Debug|Any CPU
		{019A61ED-609E-4D38-80E5-04BCE5834271}.Debug|x86.ActiveCfg = Debug|Any CPU
		{019A61ED-609E-4D38-80E5-04BCE5834271}.Debug|x86.Build.0 = Debug|Any CPU
		{019A61ED-609E-4D38-80E5-04BCE5834271}.Release|Any CPU.ActiveCfg = Release|Any CPU
		{019A61ED-609E-4D38-80E5-04BCE5834271}.Release|Any CPU.Build.0 = Release|Any CPU
		{019A61ED-609E-4D38-80E5-04BCE5834271}.Release|x64.ActiveCfg = Release|Any CPU
		{019A61ED-609E-4D38-80E5-04BCE5834271}.Release|x64.Build.0 = Release|Any CPU
		{019A61ED-609E-4D38-80E5-04BCE5834271}.Release|x86.ActiveCfg = Release|Any CPU
		{019A61ED-609E-4D38-80E5-04BCE5834271}.Release|x86.Build.0 = Release|Any CPU
		{CF4DB07E-F07D-423D-860E-A4006AA8CCA6}.Debug|Any CPU.ActiveCfg = Debug|Any CPU
		{CF4DB07E-F07D-423D-860E-A4006AA8CCA6}.Debug|Any CPU.Build.0 = Debug|Any CPU
		{CF4DB07E-F07D-423D-860E-A4006AA8CCA6}.Debug|x64.ActiveCfg = Debug|Any CPU
		{CF4DB07E-F07D-423D-860E-A4006AA8CCA6}.Debug|x64.Build.0 = Debug|Any CPU
		{CF4DB07E-F07D-423D-860E-A4006AA8CCA6}.Debug|x86.ActiveCfg = Debug|Any CPU
		{CF4DB07E-F07D-423D-860E-A4006AA8CCA6}.Debug|x86.Build.0 = Debug|Any CPU
		{CF4DB07E-F07D-423D-860E-A4006AA8CCA6}.Release|Any CPU.ActiveCfg = Release|Any CPU
		{CF4DB07E-F07D-423D-860E-A4006AA8CCA6}.Release|Any CPU.Build.0 = Release|Any CPU
		{CF4DB07E-F07D-423D-860E-A4006AA8CCA6}.Release|x64.ActiveCfg = Release|Any CPU
		{CF4DB07E-F07D-423D-860E-A4006AA8CCA6}.Release|x64.Build.0 = Release|Any CPU
		{CF4DB07E-F07D-423D-860E-A4006AA8CCA6}.Release|x86.ActiveCfg = Release|Any CPU
		{CF4DB07E-F07D-423D-860E-A4006AA8CCA6}.Release|x86.Build.0 = Release|Any CPU
		{874FE5C8-7941-4196-92EF-BAD378CA507F}.Debug|Any CPU.ActiveCfg = Debug|Any CPU
		{874FE5C8-7941-4196-92EF-BAD378CA507F}.Debug|Any CPU.Build.0 = Debug|Any CPU
		{874FE5C8-7941-4196-92EF-BAD378CA507F}.Debug|x64.ActiveCfg = Debug|Any CPU
		{874FE5C8-7941-4196-92EF-BAD378CA507F}.Debug|x64.Build.0 = Debug|Any CPU
		{874FE5C8-7941-4196-92EF-BAD378CA507F}.Debug|x86.ActiveCfg = Debug|Any CPU
		{874FE5C8-7941-4196-92EF-BAD378CA507F}.Debug|x86.Build.0 = Debug|Any CPU
		{874FE5C8-7941-4196-92EF-BAD378CA507F}.Release|Any CPU.ActiveCfg = Release|Any CPU
		{874FE5C8-7941-4196-92EF-BAD378CA507F}.Release|Any CPU.Build.0 = Release|Any CPU
		{874FE5C8-7941-4196-92EF-BAD378CA507F}.Release|x64.ActiveCfg = Release|Any CPU
		{874FE5C8-7941-4196-92EF-BAD378CA507F}.Release|x64.Build.0 = Release|Any CPU
		{874FE5C8-7941-4196-92EF-BAD378CA507F}.Release|x86.ActiveCfg = Release|Any CPU
		{874FE5C8-7941-4196-92EF-BAD378CA507F}.Release|x86.Build.0 = Release|Any CPU
		{502A2FFD-3559-422E-9EAC-4A3B9891E889}.Debug|Any CPU.ActiveCfg = Debug|Any CPU
		{502A2FFD-3559-422E-9EAC-4A3B9891E889}.Debug|Any CPU.Build.0 = Debug|Any CPU
		{502A2FFD-3559-422E-9EAC-4A3B9891E889}.Debug|x64.ActiveCfg = Debug|Any CPU
		{502A2FFD-3559-422E-9EAC-4A3B9891E889}.Debug|x64.Build.0 = Debug|Any CPU
		{502A2FFD-3559-422E-9EAC-4A3B9891E889}.Debug|x86.ActiveCfg = Debug|Any CPU
		{502A2FFD-3559-422E-9EAC-4A3B9891E889}.Debug|x86.Build.0 = Debug|Any CPU
		{502A2FFD-3559-422E-9EAC-4A3B9891E889}.Release|Any CPU.ActiveCfg = Release|Any CPU
		{502A2FFD-3559-422E-9EAC-4A3B9891E889}.Release|Any CPU.Build.0 = Release|Any CPU
		{502A2FFD-3559-422E-9EAC-4A3B9891E889}.Release|x64.ActiveCfg = Release|Any CPU
		{502A2FFD-3559-422E-9EAC-4A3B9891E889}.Release|x64.Build.0 = Release|Any CPU
		{502A2FFD-3559-422E-9EAC-4A3B9891E889}.Release|x86.ActiveCfg = Release|Any CPU
		{502A2FFD-3559-422E-9EAC-4A3B9891E889}.Release|x86.Build.0 = Release|Any CPU
		{2FFAD6BA-567A-4312-A5A7-84B0C0B07203}.Debug|Any CPU.ActiveCfg = Debug|Any CPU
		{2FFAD6BA-567A-4312-A5A7-84B0C0B07203}.Debug|Any CPU.Build.0 = Debug|Any CPU
		{2FFAD6BA-567A-4312-A5A7-84B0C0B07203}.Debug|x64.ActiveCfg = Debug|Any CPU
		{2FFAD6BA-567A-4312-A5A7-84B0C0B07203}.Debug|x64.Build.0 = Debug|Any CPU
		{2FFAD6BA-567A-4312-A5A7-84B0C0B07203}.Debug|x86.ActiveCfg = Debug|Any CPU
		{2FFAD6BA-567A-4312-A5A7-84B0C0B07203}.Debug|x86.Build.0 = Debug|Any CPU
		{2FFAD6BA-567A-4312-A5A7-84B0C0B07203}.Release|Any CPU.ActiveCfg = Release|Any CPU
		{2FFAD6BA-567A-4312-A5A7-84B0C0B07203}.Release|Any CPU.Build.0 = Release|Any CPU
		{2FFAD6BA-567A-4312-A5A7-84B0C0B07203}.Release|x64.ActiveCfg = Release|Any CPU
		{2FFAD6BA-567A-4312-A5A7-84B0C0B07203}.Release|x64.Build.0 = Release|Any CPU
		{2FFAD6BA-567A-4312-A5A7-84B0C0B07203}.Release|x86.ActiveCfg = Release|Any CPU
		{2FFAD6BA-567A-4312-A5A7-84B0C0B07203}.Release|x86.Build.0 = Release|Any CPU
		{4CDA39D3-A7F9-4B31-B7C5-BD96662FE06E}.Debug|Any CPU.ActiveCfg = Debug|Any CPU
		{4CDA39D3-A7F9-4B31-B7C5-BD96662FE06E}.Debug|Any CPU.Build.0 = Debug|Any CPU
		{4CDA39D3-A7F9-4B31-B7C5-BD96662FE06E}.Debug|x64.ActiveCfg = Debug|Any CPU
		{4CDA39D3-A7F9-4B31-B7C5-BD96662FE06E}.Debug|x64.Build.0 = Debug|Any CPU
		{4CDA39D3-A7F9-4B31-B7C5-BD96662FE06E}.Debug|x86.ActiveCfg = Debug|Any CPU
		{4CDA39D3-A7F9-4B31-B7C5-BD96662FE06E}.Debug|x86.Build.0 = Debug|Any CPU
		{4CDA39D3-A7F9-4B31-B7C5-BD96662FE06E}.Release|Any CPU.ActiveCfg = Release|Any CPU
		{4CDA39D3-A7F9-4B31-B7C5-BD96662FE06E}.Release|Any CPU.Build.0 = Release|Any CPU
		{4CDA39D3-A7F9-4B31-B7C5-BD96662FE06E}.Release|x64.ActiveCfg = Release|Any CPU
		{4CDA39D3-A7F9-4B31-B7C5-BD96662FE06E}.Release|x64.Build.0 = Release|Any CPU
		{4CDA39D3-A7F9-4B31-B7C5-BD96662FE06E}.Release|x86.ActiveCfg = Release|Any CPU
		{4CDA39D3-A7F9-4B31-B7C5-BD96662FE06E}.Release|x86.Build.0 = Release|Any CPU
		{E4A36ADD-9BF3-4BFF-AE25-15CA0954A95D}.Debug|Any CPU.ActiveCfg = Debug|Any CPU
		{E4A36ADD-9BF3-4BFF-AE25-15CA0954A95D}.Debug|Any CPU.Build.0 = Debug|Any CPU
		{E4A36ADD-9BF3-4BFF-AE25-15CA0954A95D}.Debug|x64.ActiveCfg = Debug|Any CPU
		{E4A36ADD-9BF3-4BFF-AE25-15CA0954A95D}.Debug|x64.Build.0 = Debug|Any CPU
		{E4A36ADD-9BF3-4BFF-AE25-15CA0954A95D}.Debug|x86.ActiveCfg = Debug|Any CPU
		{E4A36ADD-9BF3-4BFF-AE25-15CA0954A95D}.Debug|x86.Build.0 = Debug|Any CPU
		{E4A36ADD-9BF3-4BFF-AE25-15CA0954A95D}.Release|Any CPU.ActiveCfg = Release|Any CPU
		{E4A36ADD-9BF3-4BFF-AE25-15CA0954A95D}.Release|Any CPU.Build.0 = Release|Any CPU
		{E4A36ADD-9BF3-4BFF-AE25-15CA0954A95D}.Release|x64.ActiveCfg = Release|Any CPU
		{E4A36ADD-9BF3-4BFF-AE25-15CA0954A95D}.Release|x64.Build.0 = Release|Any CPU
		{E4A36ADD-9BF3-4BFF-AE25-15CA0954A95D}.Release|x86.ActiveCfg = Release|Any CPU
		{E4A36ADD-9BF3-4BFF-AE25-15CA0954A95D}.Release|x86.Build.0 = Release|Any CPU
		{3FC84FB6-6790-4B36-B303-D9F291950F73}.Debug|Any CPU.ActiveCfg = Debug|Any CPU
		{3FC84FB6-6790-4B36-B303-D9F291950F73}.Debug|Any CPU.Build.0 = Debug|Any CPU
		{3FC84FB6-6790-4B36-B303-D9F291950F73}.Debug|x64.ActiveCfg = Debug|Any CPU
		{3FC84FB6-6790-4B36-B303-D9F291950F73}.Debug|x64.Build.0 = Debug|Any CPU
		{3FC84FB6-6790-4B36-B303-D9F291950F73}.Debug|x86.ActiveCfg = Debug|Any CPU
		{3FC84FB6-6790-4B36-B303-D9F291950F73}.Debug|x86.Build.0 = Debug|Any CPU
		{3FC84FB6-6790-4B36-B303-D9F291950F73}.Release|Any CPU.ActiveCfg = Release|Any CPU
		{3FC84FB6-6790-4B36-B303-D9F291950F73}.Release|Any CPU.Build.0 = Release|Any CPU
		{3FC84FB6-6790-4B36-B303-D9F291950F73}.Release|x64.ActiveCfg = Release|Any CPU
		{3FC84FB6-6790-4B36-B303-D9F291950F73}.Release|x64.Build.0 = Release|Any CPU
		{3FC84FB6-6790-4B36-B303-D9F291950F73}.Release|x86.ActiveCfg = Release|Any CPU
		{3FC84FB6-6790-4B36-B303-D9F291950F73}.Release|x86.Build.0 = Release|Any CPU
	EndGlobalSection
	GlobalSection(SolutionProperties) = preSolution
		HideSolutionNode = FALSE
	EndGlobalSection
	GlobalSection(NestedProjects) = preSolution
		{019A61ED-609E-4D38-80E5-04BCE5834271} = {827E0CD3-B72D-47B6-A68D-7590B98EB39B}
		{CF4DB07E-F07D-423D-860E-A4006AA8CCA6} = {827E0CD3-B72D-47B6-A68D-7590B98EB39B}
		{874FE5C8-7941-4196-92EF-BAD378CA507F} = {827E0CD3-B72D-47B6-A68D-7590B98EB39B}
		{502A2FFD-3559-422E-9EAC-4A3B9891E889} = {827E0CD3-B72D-47B6-A68D-7590B98EB39B}
		{2FFAD6BA-567A-4312-A5A7-84B0C0B07203} = {827E0CD3-B72D-47B6-A68D-7590B98EB39B}
		{4CDA39D3-A7F9-4B31-B7C5-BD96662FE06E} = {827E0CD3-B72D-47B6-A68D-7590B98EB39B}
		{E4A36ADD-9BF3-4BFF-AE25-15CA0954A95D} = {0AB3BF05-4346-4AA6-1389-037BE0695223}
		{3FC84FB6-6790-4B36-B303-D9F291950F73} = {827E0CD3-B72D-47B6-A68D-7590B98EB39B}
	EndGlobalSection
EndGlobal
